
Microsoft Visual Studio Solution File, Format Version 12.00
# Visual Studio Version 17
VisualStudioVersion = 17.9.34728.123
MinimumVisualStudioVersion = 10.0.40219.1
Project("{FAE04EC0-301F-11D3-BF4B-00C04F79EFBC}") = "Connexio", "Connexio\Connexio.csproj", "{ED961D8D-5180-47ED-A248-DFEB4E4634D0}"
EndProject
Global
	GlobalSection(SolutionConfigurationPlatforms) = preSolution
		Debug|Any CPU = Debug|Any CPU
		Release|Any CPU = Release|Any CPU
	EndGlobalSection
	GlobalSection(ProjectConfigurationPlatforms) = postSolution
		{ED961D8D-5180-47ED-A248-DFEB4E4634D0}.Debug|Any CPU.ActiveCfg = Debug|Any CPU
		{ED961D8D-5180-47ED-A248-DFEB4E4634D0}.Debug|Any CPU.Build.0 = Debug|Any CPU
		{ED961D8D-5180-47ED-A248-DFEB4E4634D0}.Release|Any CPU.ActiveCfg = Release|Any CPU
		{ED961D8D-5180-47ED-A248-DFEB4E4634D0}.Release|Any CPU.Build.0 = Release|Any CPU
	EndGlobalSection
	GlobalSection(SolutionProperties) = preSolution
		HideSolutionNode = FALSE
	EndGlobalSection
	GlobalSection(ExtensibilityGlobals) = postSolution
		SolutionGuid = {811423EC-A563-46D5-BC6C-94E994B00E11}
	EndGlobalSection
EndGlobal
